
Microsoft Visual Studio Solution File, Format Version 12.00
# Visual Studio Version 17
VisualStudioVersion = 17.0.31903.59
MinimumVisualStudioVersion = 10.0.40219.1
Project("{8BC9CEB8-8B4A-11D0-8D11-00A0C91BC942}") = "VITCPPLab7", "VITCPPLab7.vcxproj", "{AEEBD45F-C959-4965-A76D-2F41C550BACB}"
EndProject
Global
	GlobalSection(SolutionConfigurationPlatforms) = preSolution
		Debug|x64 = Debug|x64
		Debug|x86 = Debug|x86
		Release|x64 = Release|x64
		Release|x86 = Release|x86
	EndGlobalSection
	GlobalSection(ProjectConfigurationPlatforms) = postSolution
		{AEEBD45F-C959-4965-A76D-2F41C550BACB}.Debug|x64.ActiveCfg = Debug|x64
		{AEEBD45F-C959-4965-A76D-2F41C550BACB}.Debug|x64.Build.0 = Debug|x64
		{AEEBD45F-C959-4965-A76D-2F41C550BACB}.Debug|x86.ActiveCfg = Debug|Win32
		{AEEBD45F-C959-4965-A76D-2F41C550BACB}.Debug|x86.Build.0 = Debug|Win32
		{AEEBD45F-C959-4965-A76D-2F41C550BACB}.Release|x64.ActiveCfg = Release|x64
		{AEEBD45F-C959-4965-A76D-2F41C550BACB}.Release|x64.Build.0 = Release|x64
		{AEEBD45F-C959-4965-A76D-2F41C550BACB}.Release|x86.ActiveCfg = Release|Win32
		{AEEBD45F-C959-4965-A76D-2F41C550BACB}.Release|x86.Build.0 = Release|Win32
	EndGlobalSection
	GlobalSection(SolutionProperties) = preSolution
		HideSolutionNode = FALSE
	EndGlobalSection
	GlobalSection(ExtensibilityGlobals) = postSolution
		SolutionGuid = {99CB59A2-7016-4408-A409-C1033F0442D3}
	EndGlobalSection
EndGlobal
